
Microsoft Visual Studio Solution File, Format Version 12.00
# Visual Studio Version 16
VisualStudioVersion = 16.0.31025.218
MinimumVisualStudioVersion = 10.0.40219.1
Project("{9A19103F-16F7-4668-BE54-9A1E7A4F7556}") = "Elgator", "Elgator\Elgator.csproj", "{A7137DEE-47C7-4FFD-9FAE-EF86B09827C4}"
EndProject
Project("{9A19103F-16F7-4668-BE54-9A1E7A4F7556}") = "ElgatorDemo", "ElgatorDemo\ElgatorDemo.csproj", "{5257F0FF-D46E-47AE-9C37-779AC92C06F2}"
EndProject
Project("{FAE04EC0-301F-11D3-BF4B-00C04F79EFBC}") = "Elgator.UnitTests", "Elgator.UnitTests\Elgator.UnitTests.csproj", "{DBBF7A30-BBEA-4AB1-BF86-0A8E7D684A09}"
EndProject
Global
	GlobalSection(SolutionConfigurationPlatforms) = preSolution
		Debug|Any CPU = Debug|Any CPU
		Release|Any CPU = Release|Any CPU
	EndGlobalSection
	GlobalSection(ProjectConfigurationPlatforms) = postSolution
		{A7137DEE-47C7-4FFD-9FAE-EF86B09827C4}.Debug|Any CPU.ActiveCfg = Debug|Any CPU
		{A7137DEE-47C7-4FFD-9FAE-EF86B09827C4}.Debug|Any CPU.Build.0 = Debug|Any CPU
		{A7137DEE-47C7-4FFD-9FAE-EF86B09827C4}.Release|Any CPU.ActiveCfg = Release|Any CPU
		{A7137DEE-47C7-4FFD-9FAE-EF86B09827C4}.Release|Any CPU.Build.0 = Release|Any CPU
		{5257F0FF-D46E-47AE-9C37-779AC92C06F2}.Debug|Any CPU.ActiveCfg = Debug|Any CPU
		{5257F0FF-D46E-47AE-9C37-779AC92C06F2}.Debug|Any CPU.Build.0 = Debug|Any CPU
		{5257F0FF-D46E-47AE-9C37-779AC92C06F2}.Release|Any CPU.ActiveCfg = Release|Any CPU
		{5257F0FF-D46E-47AE-9C37-779AC92C06F2}.Release|Any CPU.Build.0 = Release|Any CPU
		{DBBF7A30-BBEA-4AB1-BF86-0A8E7D684A09}.Debug|Any CPU.ActiveCfg = Debug|Any CPU
		{DBBF7A30-BBEA-4AB1-BF86-0A8E7D684A09}.Debug|Any CPU.Build.0 = Debug|Any CPU
		{DBBF7A30-BBEA-4AB1-BF86-0A8E7D684A09}.Release|Any CPU.ActiveCfg = Release|Any CPU
		{DBBF7A30-BBEA-4AB1-BF86-0A8E7D684A09}.Release|Any CPU.Build.0 = Release|Any CPU
	EndGlobalSection
	GlobalSection(SolutionProperties) = preSolution
		HideSolutionNode = FALSE
	EndGlobalSection
	GlobalSection(ExtensibilityGlobals) = postSolution
		SolutionGuid = {B52C0448-550A-4BDB-8321-C17B9528A3E0}
	EndGlobalSection
EndGlobal
